
Microsoft Visual Studio Solution File, Format Version 12.00
# Visual Studio Version 17
VisualStudioVersion = 17.0.31903.59
MinimumVisualStudioVersion = 10.0.40219.1
Project("{2150E333-8FDC-42A3-9474-1A3956D46DE8}") = "backend", "backend", "{35E14CF3-A00C-44CE-B8CD-C24E1E27342F}"
EndProject
Project("{FAE04EC0-301F-11D3-BF4B-00C04F79EFBC}") = "SupplySync.Api", "backend\SupplySync.Api\SupplySync.Api.csproj", "{EC7DD1CE-8C73-46EA-898D-9DD5F20EF1CA}"
EndProject
Project("{FAE04EC0-301F-11D3-BF4B-00C04F79EFBC}") = "SupplySync.Tests", "SupplySync.Tests\SupplySync.Tests.csproj", "{822B9F67-8A35-49B7-B16F-849E8AE6F16C}"
EndProject
Global
	GlobalSection(SolutionConfigurationPlatforms) = preSolution
		Debug|Any CPU = Debug|Any CPU
		Release|Any CPU = Release|Any CPU
	EndGlobalSection
	GlobalSection(SolutionProperties) = preSolution
		HideSolutionNode = FALSE
	EndGlobalSection
	GlobalSection(ProjectConfigurationPlatforms) = postSolution
		{EC7DD1CE-8C73-46EA-898D-9DD5F20EF1CA}.Debug|Any CPU.ActiveCfg = Debug|Any CPU
		{EC7DD1CE-8C73-46EA-898D-9DD5F20EF1CA}.Debug|Any CPU.Build.0 = Debug|Any CPU
		{EC7DD1CE-8C73-46EA-898D-9DD5F20EF1CA}.Release|Any CPU.ActiveCfg = Release|Any CPU
		{EC7DD1CE-8C73-46EA-898D-9DD5F20EF1CA}.Release|Any CPU.Build.0 = Release|Any CPU
		{822B9F67-8A35-49B7-B16F-849E8AE6F16C}.Debug|Any CPU.ActiveCfg = Debug|Any CPU
		{822B9F67-8A35-49B7-B16F-849E8AE6F16C}.Debug|Any CPU.Build.0 = Debug|Any CPU
		{822B9F67-8A35-49B7-B16F-849E8AE6F16C}.Release|Any CPU.ActiveCfg = Release|Any CPU
		{822B9F67-8A35-49B7-B16F-849E8AE6F16C}.Release|Any CPU.Build.0 = Release|Any CPU
	EndGlobalSection
	GlobalSection(NestedProjects) = preSolution
		{EC7DD1CE-8C73-46EA-898D-9DD5F20EF1CA} = {35E14CF3-A00C-44CE-B8CD-C24E1E27342F}
	EndGlobalSection
EndGlobal
