
Microsoft Visual Studio Solution File, Format Version 12.00
# Visual Studio Version 17
VisualStudioVersion = 17.0.31903.59
MinimumVisualStudioVersion = 10.0.40219.1
Project("{2150E333-8FDC-42A3-9474-1A3956D46DE8}") = "src", "src", "{486B5975-3265-4DC4-A401-76EFB1E6F25F}"
EndProject
Project("{FAE04EC0-301F-11D3-BF4B-00C04F79EFBC}") = "SupplySync.Api", "src\SupplySync.Api\SupplySync.Api.csproj", "{6A83A69E-09A2-4F27-B1FD-4C4FA52DDDF2}"
EndProject
Project("{FAE04EC0-301F-11D3-BF4B-00C04F79EFBC}") = "SupplySync.Core", "src\SupplySync.Core\SupplySync.Core.csproj", "{73B0EBD9-5054-4DBD-8841-767F3A153D76}"
EndProject
Project("{FAE04EC0-301F-11D3-BF4B-00C04F79EFBC}") = "SupplySync.Infrastructure", "src\SupplySync.Infrastructure\SupplySync.Infrastructure.csproj", "{4AA7E9EF-9859-4B0E-9D0C-D3A4A7E8BACE}"
EndProject
Project("{2150E333-8FDC-42A3-9474-1A3956D46DE8}") = "tests", "tests", "{C7EFDB6A-0641-4525-A727-53DD8FC9A788}"
EndProject
Project("{FAE04EC0-301F-11D3-BF4B-00C04F79EFBC}") = "SupplySync.Tests", "tests\SupplySync.Tests\SupplySync.Tests.csproj", "{6F507DA9-CCF9-4369-91C2-E6AFF4DEC0D1}"
EndProject
Global
	GlobalSection(SolutionConfigurationPlatforms) = preSolution
		Debug|Any CPU = Debug|Any CPU
		Release|Any CPU = Release|Any CPU
	EndGlobalSection
	GlobalSection(SolutionProperties) = preSolution
		HideSolutionNode = FALSE
	EndGlobalSection
	GlobalSection(ProjectConfigurationPlatforms) = postSolution
		{6A83A69E-09A2-4F27-B1FD-4C4FA52DDDF2}.Debug|Any CPU.ActiveCfg = Debug|Any CPU
		{6A83A69E-09A2-4F27-B1FD-4C4FA52DDDF2}.Debug|Any CPU.Build.0 = Debug|Any CPU
		{6A83A69E-09A2-4F27-B1FD-4C4FA52DDDF2}.Release|Any CPU.ActiveCfg = Release|Any CPU
		{6A83A69E-09A2-4F27-B1FD-4C4FA52DDDF2}.Release|Any CPU.Build.0 = Release|Any CPU
		{73B0EBD9-5054-4DBD-8841-767F3A153D76}.Debug|Any CPU.ActiveCfg = Debug|Any CPU
		{73B0EBD9-5054-4DBD-8841-767F3A153D76}.Debug|Any CPU.Build.0 = Debug|Any CPU
		{73B0EBD9-5054-4DBD-8841-767F3A153D76}.Release|Any CPU.ActiveCfg = Release|Any CPU
		{73B0EBD9-5054-4DBD-8841-767F3A153D76}.Release|Any CPU.Build.0 = Release|Any CPU
		{4AA7E9EF-9859-4B0E-9D0C-D3A4A7E8BACE}.Debug|Any CPU.ActiveCfg = Debug|Any CPU
		{4AA7E9EF-9859-4B0E-9D0C-D3A4A7E8BACE}.Debug|Any CPU.Build.0 = Debug|Any CPU
		{4AA7E9EF-9859-4B0E-9D0C-D3A4A7E8BACE}.Release|Any CPU.ActiveCfg = Release|Any CPU
		{4AA7E9EF-9859-4B0E-9D0C-D3A4A7E8BACE}.Release|Any CPU.Build.0 = Release|Any CPU
		{6F507DA9-CCF9-4369-91C2-E6AFF4DEC0D1}.Debug|Any CPU.ActiveCfg = Debug|Any CPU
		{6F507DA9-CCF9-4369-91C2-E6AFF4DEC0D1}.Debug|Any CPU.Build.0 = Debug|Any CPU
		{6F507DA9-CCF9-4369-91C2-E6AFF4DEC0D1}.Release|Any CPU.ActiveCfg = Release|Any CPU
		{6F507DA9-CCF9-4369-91C2-E6AFF4DEC0D1}.Release|Any CPU.Build.0 = Release|Any CPU
	EndGlobalSection
	GlobalSection(NestedProjects) = preSolution
		{6A83A69E-09A2-4F27-B1FD-4C4FA52DDDF2} = {486B5975-3265-4DC4-A401-76EFB1E6F25F}
		{73B0EBD9-5054-4DBD-8841-767F3A153D76} = {486B5975-3265-4DC4-A401-76EFB1E6F25F}
		{4AA7E9EF-9859-4B0E-9D0C-D3A4A7E8BACE} = {486B5975-3265-4DC4-A401-76EFB1E6F25F}
		{6F507DA9-CCF9-4369-91C2-E6AFF4DEC0D1} = {C7EFDB6A-0641-4525-A727-53DD8FC9A788}
	EndGlobalSection
EndGlobal
